
Microsoft Visual Studio Solution File, Format Version 12.00
# Visual Studio Version 17
VisualStudioVersion = 17.10.35027.167
MinimumVisualStudioVersion = 10.0.40219.1
Project("{FAE04EC0-301F-11D3-BF4B-00C04F79EFBC}") = "Magazine System", "Magazine System.csproj", "{29DA1F2E-1B2E-4B40-AC0A-77D8DBA14F2A}"
EndProject
Global
	GlobalSection(SolutionConfigurationPlatforms) = preSolution
		Debug|Any CPU = Debug|Any CPU
		Release|Any CPU = Release|Any CPU
	EndGlobalSection
	GlobalSection(ProjectConfigurationPlatforms) = postSolution
		{29DA1F2E-1B2E-4B40-AC0A-77D8DBA14F2A}.Debug|Any CPU.ActiveCfg = Debug|Any CPU
		{29DA1F2E-1B2E-4B40-AC0A-77D8DBA14F2A}.Debug|Any CPU.Build.0 = Debug|Any CPU
		{29DA1F2E-1B2E-4B40-AC0A-77D8DBA14F2A}.Release|Any CPU.ActiveCfg = Release|Any CPU
		{29DA1F2E-1B2E-4B40-AC0A-77D8DBA14F2A}.Release|Any CPU.Build.0 = Release|Any CPU
	EndGlobalSection
	GlobalSection(SolutionProperties) = preSolution
		HideSolutionNode = FALSE
	EndGlobalSection
	GlobalSection(ExtensibilityGlobals) = postSolution
		SolutionGuid = {63DBFE54-82E7-4848-85EA-A0F6D6054147}
	EndGlobalSection
EndGlobal
